
Microsoft Visual Studio Solution File, Format Version 12.00
# Visual Studio Version 17
VisualStudioVersion = 17.0.31903.59
MinimumVisualStudioVersion = 10.0.40219.1
Project("{FAE04EC0-301F-11D3-BF4B-00C04F79EFBC}") = "Domain", "Domain\Domain.csproj", "{E4E2E922-0A22-4B40-A07E-9A79B52C5A22}"
EndProject
Project("{FAE04EC0-301F-11D3-BF4B-00C04F79EFBC}") = "Application", "Application\Application.csproj", "{0E9F39D0-B135-4380-AC47-635D65A39A07}"
EndProject
Project("{FAE04EC0-301F-11D3-BF4B-00C04F79EFBC}") = "Infrastructure", "Infrastructure\Infrastructure.csproj", "{6463F9D5-C90A-473D-ABB6-C5F36865BB99}"
EndProject
Project("{FAE04EC0-301F-11D3-BF4B-00C04F79EFBC}") = "WebApi", "WebApi\WebApi.csproj", "{06B9AECA-10B1-4FCA-9282-AB917DA0AC98}"
EndProject
Project("{FAE04EC0-301F-11D3-BF4B-00C04F79EFBC}") = "UnitTests", "UnitTests\UnitTests.csproj", "{006453B2-A8BB-40D5-8A1C-EE8BAB87CD74}"
EndProject
Global
	GlobalSection(SolutionConfigurationPlatforms) = preSolution
		Debug|Any CPU = Debug|Any CPU
		Release|Any CPU = Release|Any CPU
	EndGlobalSection
	GlobalSection(SolutionProperties) = preSolution
		HideSolutionNode = FALSE
	EndGlobalSection
	GlobalSection(ProjectConfigurationPlatforms) = postSolution
		{E4E2E922-0A22-4B40-A07E-9A79B52C5A22}.Debug|Any CPU.ActiveCfg = Debug|Any CPU
		{E4E2E922-0A22-4B40-A07E-9A79B52C5A22}.Debug|Any CPU.Build.0 = Debug|Any CPU
		{E4E2E922-0A22-4B40-A07E-9A79B52C5A22}.Release|Any CPU.ActiveCfg = Release|Any CPU
		{E4E2E922-0A22-4B40-A07E-9A79B52C5A22}.Release|Any CPU.Build.0 = Release|Any CPU
		{0E9F39D0-B135-4380-AC47-635D65A39A07}.Debug|Any CPU.ActiveCfg = Debug|Any CPU
		{0E9F39D0-B135-4380-AC47-635D65A39A07}.Debug|Any CPU.Build.0 = Debug|Any CPU
		{0E9F39D0-B135-4380-AC47-635D65A39A07}.Release|Any CPU.ActiveCfg = Release|Any CPU
		{0E9F39D0-B135-4380-AC47-635D65A39A07}.Release|Any CPU.Build.0 = Release|Any CPU
		{6463F9D5-C90A-473D-ABB6-C5F36865BB99}.Debug|Any CPU.ActiveCfg = Debug|Any CPU
		{6463F9D5-C90A-473D-ABB6-C5F36865BB99}.Debug|Any CPU.Build.0 = Debug|Any CPU
		{6463F9D5-C90A-473D-ABB6-C5F36865BB99}.Release|Any CPU.ActiveCfg = Release|Any CPU
		{6463F9D5-C90A-473D-ABB6-C5F36865BB99}.Release|Any CPU.Build.0 = Release|Any CPU
		{06B9AECA-10B1-4FCA-9282-AB917DA0AC98}.Debug|Any CPU.ActiveCfg = Debug|Any CPU
		{06B9AECA-10B1-4FCA-9282-AB917DA0AC98}.Debug|Any CPU.Build.0 = Debug|Any CPU
		{06B9AECA-10B1-4FCA-9282-AB917DA0AC98}.Release|Any CPU.ActiveCfg = Release|Any CPU
		{06B9AECA-10B1-4FCA-9282-AB917DA0AC98}.Release|Any CPU.Build.0 = Release|Any CPU
		{006453B2-A8BB-40D5-8A1C-EE8BAB87CD74}.Debug|Any CPU.ActiveCfg = Debug|Any CPU
		{006453B2-A8BB-40D5-8A1C-EE8BAB87CD74}.Debug|Any CPU.Build.0 = Debug|Any CPU
		{006453B2-A8BB-40D5-8A1C-EE8BAB87CD74}.Release|Any CPU.ActiveCfg = Release|Any CPU
		{006453B2-A8BB-40D5-8A1C-EE8BAB87CD74}.Release|Any CPU.Build.0 = Release|Any CPU
	EndGlobalSection
EndGlobal
